// !$*UTF8*$!
{
	archiveVersion = 1;
	classes = {
	};
	objectVersion = 46;
	objects = {

/* Begin PBXBuildFile section */
		0ECFF73A1C5D5FED009234AC /* AppDelegate.swift in Sources */ = {isa = PBXBuildFile; fileRef = 0ECFF7391C5D5FED009234AC /* AppDelegate.swift */; };
		0ECFF73C1C5D5FED009234AC /* ViewController.swift in Sources */ = {isa = PBXBuildFile; fileRef = 0ECFF73B1C5D5FED009234AC /* ViewController.swift */; };
		0ECFF73F1C5D5FED009234AC /* Main.storyboard in Resources */ = {isa = PBXBuildFile; fileRef = 0ECFF73D1C5D5FED009234AC /* Main.storyboard */; };
		0ECFF7411C5D5FED009234AC /* Assets.xcassets in Resources */ = {isa = PBXBuildFile; fileRef = 0ECFF7401C5D5FED009234AC /* Assets.xcassets */; };
		0ECFF7441C5D5FED009234AC /* LaunchScreen.storyboard in Resources */ = {isa = PBXBuildFile; fileRef = 0ECFF7421C5D5FED009234AC /* LaunchScreen.storyboard */; };
		0ECFF74F1C5D5FED009234AC /* MusicaTests.swift in Sources */ = {isa = PBXBuildFile; fileRef = 0ECFF74E1C5D5FED009234AC /* MusicaTests.swift */; };
		0ECFF75A1C5D5FED009234AC /* MusicaUITests.swift in Sources */ = {isa = PBXBuildFile; fileRef = 0ECFF7591C5D5FED009234AC /* MusicaUITests.swift */; };
/* End PBXBuildFile section */

/* Begin PBXContainerItemProxy section */
		0ECFF74B1C5D5FED009234AC /* PBXContainerItemProxy */ = {
			isa = PBXContainerItemProxy;
			containerPortal = 0ECFF72E1C5D5FED009234AC /* Project object */;
			proxyType = 1;
			remoteGlobalIDString = 0ECFF7351C5D5FED009234AC;
			remoteInfo = Musica;
		};
		0ECFF7561C5D5FED009234AC /* PBXContainerItemProxy */ = {
			isa = PBXContainerItemProxy;
			containerPortal = 0ECFF72E1C5D5FED009234AC /* Project object */;
			proxyType = 1;
			remoteGlobalIDString = 0ECFF7351C5D5FED009234AC;
			remoteInfo = Musica;
		};
/* End PBXContainerItemProxy section */

/* Begin PBXFileReference section */
		0ECFF7361C5D5FED009234AC /* Musica.app */ = {isa = PBXFileReference; explicitFileType = wrapper.application; includeInIndex = 0; path = Musica.app; sourceTree = BUILT_PRODUCTS_DIR; };
		0ECFF7391C5D5FED009234AC /* AppDelegate.swift */ = {isa = PBXFileReference; lastKnownFileType = sourcecode.swift; path = AppDelegate.swift; sourceTree = "<group>"; };
		0ECFF73B1C5D5FED009234AC /* ViewController.swift */ = {isa = PBXFileReference; lastKnownFileType = sourcecode.swift; path = ViewController.swift; sourceTree = "<group>"; };
		0ECFF73E1C5D5FED009234AC /* Base */ = {isa = PBXFileReference; lastKnownFileType = file.storyboard; name = Base; path = Base.lproj/Main.storyboard; sourceTree = "<group>"; };
		0ECFF7401C5D5FED009234AC /* Assets.xcassets */ = {isa = PBXFileReference; lastKnownFileType = folder.assetcatalog; path = Assets.xcassets; sourceTree = "<group>"; };
		0ECFF7431C5D5FED009234AC /* Base */ = {isa = PBXFileReference; lastKnownFileType = file.storyboard; name = Base; path = Base.lproj/LaunchScreen.storyboard; sourceTree = "<group>"; };
		0ECFF7451C5D5FED009234AC /* Info.plist */ = {isa = PBXFileReference; lastKnownFileType = text.plist.xml; path = Info.plist; sourceTree = "<group>"; };
		0ECFF74A1C5D5FED009234AC /* MusicaTests.xctest */ = {isa = PBXFileReference; explicitFileType = wrapper.cfbundle; includeInIndex = 0; path = MusicaTests.xctest; sourceTree = BUILT_PRODUCTS_DIR; };
		0ECFF74E1C5D5FED009234AC /* MusicaTests.swift */ = {isa = PBXFileReference; lastKnownFileType = sourcecode.swift; path = MusicaTests.swift; sourceTree = "<group>"; };
		0ECFF7501C5D5FED009234AC /* Info.plist */ = {isa = PBXFileReference; lastKnownFileType = text.plist.xml; path = Info.plist; sourceTree = "<group>"; };
		0ECFF7551C5D5FED009234AC /* MusicaUITests.xctest */ = {isa = PBXFileReference; explicitFileType = wrapper.cfbundle; includeInIndex = 0; path = MusicaUITests.xctest; sourceTree = BUILT_PRODUCTS_DIR; };
		0ECFF7591C5D5FED009234AC /* MusicaUITests.swift */ = {isa = PBXFileReference; lastKnownFileType = sourcecode.swift; path = MusicaUITests.swift; sourceTree = "<group>"; };
		0ECFF75B1C5D5FED009234AC /* Info.plist */ = {isa = PBXFileReference; lastKnownFileType = text.plist.xml; path = Info.plist; sourceTree = "<group>"; };
/* End PBXFileReference section */

/* Begin PBXFrameworksBuildPhase section */
		0ECFF7331C5D5FED009234AC /* Frameworks */ = {
			isa = PBXFrameworksBuildPhase;
			buildActionMask = 2147483647;
			files = (
			);
			runOnlyForDeploymentPostprocessing = 0;
		};
		0ECFF7471C5D5FED009234AC /* Frameworks */ = {
			isa = PBXFrameworksBuildPhase;
			buildActionMask = 2147483647;
			files = (
			);
			runOnlyForDeploymentPostprocessing = 0;
		};
		0ECFF7521C5D5FED009234AC /* Frameworks */ = {
			isa = PBXFrameworksBuildPhase;
			buildActionMask = 2147483647;
			files = (
			);
			runOnlyForDeploymentPostprocessing = 0;
		};
/* End PBXFrameworksBuildPhase section */

/* Begin PBXGroup section */
		0ECFF72D1C5D5FED009234AC = {
			isa = PBXGroup;
			children = (
				0ECFF7381C5D5FED009234AC /* Musica */,
				0ECFF74D1C5D5FED009234AC /* MusicaTests */,
				0ECFF7581C5D5FED009234AC /* MusicaUITests */,
				0ECFF7371C5D5FED009234AC /* Products */,
			);
			sourceTree = "<group>";
		};
		0ECFF7371C5D5FED009234AC /* Products */ = {
			isa = PBXGroup;
			children = (
				0ECFF7361C5D5FED009234AC /* Musica.app */,
				0ECFF74A1C5D5FED009234AC /* MusicaTests.xctest */,
				0ECFF7551C5D5FED009234AC /* MusicaUITests.xctest */,
			);
			name = Products;
			sourceTree = "<group>";
		};
		0ECFF7381C5D5FED009234AC /* Musica */ = {
			isa = PBXGroup;
			children = (
				0ECFF7391C5D5FED009234AC /* AppDelegate.swift */,
				0ECFF73B1C5D5FED009234AC /* ViewController.swift */,
				0ECFF73D1C5D5FED009234AC /* Main.storyboard */,
				0ECFF7401C5D5FED009234AC /* Assets.xcassets */,
				0ECFF7421C5D5FED009234AC /* LaunchScreen.storyboard */,
				0ECFF7451C5D5FED009234AC /* Info.plist */,
			);
			path = Musica;
			sourceTree = "<group>";
		};
		0ECFF74D1C5D5FED009234AC /* MusicaTests */ = {
			isa = PBXGroup;
			children = (
				0ECFF74E1C5D5FED009234AC /* MusicaTests.swift */,
				0ECFF7501C5D5FED009234AC /* Info.plist */,
			);
			path = MusicaTests;
			sourceTree = "<group>";
		};
		0ECFF7581C5D5FED009234AC /* MusicaUITests */ = {
			isa = PBXGroup;
			children = (
				0ECFF7591C5D5FED009234AC /* MusicaUITests.swift */,
				0ECFF75B1C5D5FED009234AC /* Info.plist */,
			);
			path = MusicaUITests;
			sourceTree = "<group>";
		};
/* End PBXGroup section */

/* Begin PBXNativeTarget section */
		0ECFF7351C5D5FED009234AC /* Musica */ = {
			isa = PBXNativeTarget;
			buildConfigurationList = 0ECFF75E1C5D5FED009234AC /* Build configuration list for PBXNativeTarget "Musica" */;
			buildPhases = (
				0ECFF7321C5D5FED009234AC /* Sources */,
				0ECFF7331C5D5FED009234AC /* Frameworks */,
				0ECFF7341C5D5FED009234AC /* Resources */,
			);
			buildRules = (
			);
			dependencies = (
			);
			name = Musica;
			productName = Musica;
			productReference = 0ECFF7361C5D5FED009234AC /* Musica.app */;
			productType = "com.apple.product-type.application";
		};
		0ECFF7491C5D5FED009234AC /* MusicaTests */ = {
			isa = PBXNativeTarget;
			buildConfigurationList = 0ECFF7611C5D5FED009234AC /* Build configuration list for PBXNativeTarget "MusicaTests" */;
			buildPhases = (
				0ECFF7461C5D5FED009234AC /* Sources */,
				0ECFF7471C5D5FED009234AC /* Frameworks */,
				0ECFF7481C5D5FED009234AC /* Resources */,
			);
			buildRules = (
			);
			dependencies = (
				0ECFF74C1C5D5FED009234AC /* PBXTargetDependency */,
			);
			name = MusicaTests;
			productName = MusicaTests;
			productReference = 0ECFF74A1C5D5FED009234AC /* MusicaTests.xctest */;
			productType = "com.apple.product-type.bundle.unit-test";
		};
		0ECFF7541C5D5FED009234AC /* MusicaUITests */ = {
			isa = PBXNativeTarget;
			buildConfigurationList = 0ECFF7641C5D5FED009234AC /* Build configuration list for PBXNativeTarget "MusicaUITests" */;
			buildPhases = (
				0ECFF7511C5D5FED009234AC /* Sources */,
				0ECFF7521C5D5FED009234AC /* Frameworks */,
				0ECFF7531C5D5FED009234AC /* Resources */,
			);
			buildRules = (
			);
			dependencies = (
				0ECFF7571C5D5FED009234AC /* PBXTargetDependency */,
			);
			name = MusicaUITests;
			productName = MusicaUITests;
			productReference = 0ECFF7551C5D5FED009234AC /* MusicaUITests.xctest */;
			productType = "com.apple.product-type.bundle.ui-testing";
		};
/* End PBXNativeTarget section */

/* Begin PBXProject section */
		0ECFF72E1C5D5FED009234AC /* Project object */ = {
			isa = PBXProject;
			attributes = {
				LastUpgradeCheck = 0700;
				ORGANIZATIONNAME = "Estacion ViveLab Training Center 014";
				TargetAttributes = {
					0ECFF7351C5D5FED009234AC = {
						CreatedOnToolsVersion = 7.0;
					};
					0ECFF7491C5D5FED009234AC = {
						CreatedOnToolsVersion = 7.0;
						TestTargetID = 0ECFF7351C5D5FED009234AC;
					};
					0ECFF7541C5D5FED009234AC = {
						CreatedOnToolsVersion = 7.0;
						TestTargetID = 0ECFF7351C5D5FED009234AC;
					};
				};
			};
			buildConfigurationList = 0ECFF7311C5D5FED009234AC /* Build configuration list for PBXProject "Musica" */;
			compatibilityVersion = "Xcode 3.2";
			developmentRegion = English;
			hasScannedForEncodings = 0;
			knownRegions = (
				en,
				Base,
			);
			mainGroup = 0ECFF72D1C5D5FED009234AC;
			productRefGroup = 0ECFF7371C5D5FED009234AC /* Products */;
			projectDirPath = "";
			projectRoot = "";
			targets = (
				0ECFF7351C5D5FED009234AC /* Musica */,
				0ECFF7491C5D5FED009234AC /* MusicaTests */,
				0ECFF7541C5D5FED009234AC /* MusicaUITests */,
			);
		};
/* End PBXProject section */

/* Begin PBXResourcesBuildPhase section */
		0ECFF7341C5D5FED009234AC /* Resources */ = {
			isa = PBXResourcesBuildPhase;
			buildActionMask = 2147483647;
			files = (
				0ECFF7441C5D5FED009234AC /* LaunchScreen.storyboard in Resources */,
				0ECFF7411C5D5FED009234AC /* Assets.xcassets in Resources */,
				0ECFF73F1C5D5FED009234AC /* Main.storyboard in Resources */,
			);
			runOnlyForDeploymentPostprocessing = 0;
		};
		0ECFF7481C5D5FED009234AC /* Resources */ = {
			isa = PBXResourcesBuildPhase;
			buildActionMask = 2147483647;
			files = (
			);
			runOnlyForDeploymentPostprocessing = 0;
		};
		0ECFF7531C5D5FED009234AC /* Resources */ = {
			isa = PBXResourcesBuildPhase;
			buildActionMask = 2147483647;
			files = (
			);
			runOnlyForDeploymentPostprocessing = 0;
		};
/* End PBXResourcesBuildPhase section */

/* Begin PBXSourcesBuildPhase section */
		0ECFF7321C5D5FED009234AC /* Sources */ = {
			isa = PBXSourcesBuildPhase;
			buildActionMask = 2147483647;
			files = (
				0ECFF73C1C5D5FED009234AC /* ViewController.swift in Sources */,
				0ECFF73A1C5D5FED009234AC /* AppDelegate.swift in Sources */,
			);
			runOnlyForDeploymentPostprocessing = 0;
		};
		0ECFF7461C5D5FED009234AC /* Sources */ = {
			isa = PBXSourcesBuildPhase;
			buildActionMask = 2147483647;
			files = (
				0ECFF74F1C5D5FED009234AC /* MusicaTests.swift in Sources */,
			);
			runOnlyForDeploymentPostprocessing = 0;
		};
		0ECFF7511C5D5FED009234AC /* Sources */ = {
			isa = PBXSourcesBuildPhase;
			buildActionMask = 2147483647;
			files = (
				0ECFF75A1C5D5FED009234AC /* MusicaUITests.swift in Sources */,
			);
			runOnlyForDeploymentPostprocessing = 0;
		};
/* End PBXSourcesBuildPhase section */

/* Begin PBXTargetDependency section */
		0ECFF74C1C5D5FED009234AC /* PBXTargetDependency */ = {
			isa = PBXTargetDependency;
			target = 0ECFF7351C5D5FED009234AC /* Musica */;
			targetProxy = 0ECFF74B1C5D5FED009234AC /* PBXContainerItemProxy */;
		};
		0ECFF7571C5D5FED009234AC /* PBXTargetDependency */ = {
			isa = PBXTargetDependency;
			target = 0ECFF7351C5D5FED009234AC /* Musica */;
			targetProxy = 0ECFF7561C5D5FED009234AC /* PBXContainerItemProxy */;
		};
/* End PBXTargetDependency section */

/* Begin PBXVariantGroup section */
		0ECFF73D1C5D5FED009234AC /* Main.storyboard */ = {
			isa = PBXVariantGroup;
			children = (
				0ECFF73E1C5D5FED009234AC /* Base */,
			);
			name = Main.storyboard;
			sourceTree = "<group>";
		};
		0ECFF7421C5D5FED009234AC /* LaunchScreen.storyboard */ = {
			isa = PBXVariantGroup;
			children = (
				0ECFF7431C5D5FED009234AC /* Base */,
			);
			name = LaunchScreen.storyboard;
			sourceTree = "<group>";
		};
/* End PBXVariantGroup section */

/* Begin XCBuildConfiguration section */
		0ECFF75C1C5D5FED009234AC /* Debug */ = {
			isa = XCBuildConfiguration;
			buildSettings = {
				ALWAYS_SEARCH_USER_PATHS = NO;
				CLANG_CXX_LANGUAGE_STANDARD = "gnu++0x";
				CLANG_CXX_LIBRARY = "libc++";
				CLANG_ENABLE_MODULES = YES;
				CLANG_ENABLE_OBJC_ARC = YES;
				CLANG_WARN_BOOL_CONVERSION = YES;
				CLANG_WARN_CONSTANT_CONVERSION = YES;
				CLANG_WARN_DIRECT_OBJC_ISA_USAGE = YES_ERROR;
				CLANG_WARN_EMPTY_BODY = YES;
				CLANG_WARN_ENUM_CONVERSION = YES;
				CLANG_WARN_INT_CONVERSION = YES;
				CLANG_WARN_OBJC_ROOT_CLASS = YES_ERROR;
				CLANG_WARN_UNREACHABLE_CODE = YES;
				CLANG_WARN__DUPLICATE_METHOD_MATCH = YES;
				"CODE_SIGN_IDENTITY[sdk=iphoneos*]" = "iPhone Developer";
				COPY_PHASE_STRIP = NO;
				DEBUG_INFORMATION_FORMAT = dwarf;
				ENABLE_STRICT_OBJC_MSGSEND = YES;
				ENABLE_TESTABILITY = YES;
				GCC_C_LANGUAGE_STANDARD = gnu99;
				GCC_DYNAMIC_NO_PIC = NO;
				GCC_NO_COMMON_BLOCKS = YES;
				GCC_OPTIMIZATION_LEVEL = 0;
				GCC_PREPROCESSOR_DEFINITIONS = (
					"DEBUG=1",
					"$(inherited)",
				);
				GCC_WARN_64_TO_32_BIT_CONVERSION = YES;
				GCC_WARN_ABOUT_RETURN_TYPE = YES_ERROR;
				GCC_WARN_UNDECLARED_SELECTOR = YES;
				GCC_WARN_UNINITIALIZED_AUTOS = YES_AGGRESSIVE;
				GCC_WARN_UNUSED_FUNCTION = YES;
				GCC_WARN_UNUSED_VARIABLE = YES;
				IPHONEOS_DEPLOYMENT_TARGET = 9.0;
				MTL_ENABLE_DEBUG_INFO = YES;
				ONLY_ACTIVE_ARCH = YES;
				SDKROOT = iphoneos;
				SWIFT_OPTIMIZATION_LEVEL = "-Onone";
				TARGETED_DEVICE_FAMILY = "1,2";
			};
			name = Debug;
		};
		0ECFF75D1C5D5FED009234AC /* Release */ = {
			isa = XCBuildConfiguration;
			buildSettings = {
				ALWAYS_SEARCH_USER_PATHS = NO;
				CLANG_CXX_LANGUAGE_STANDARD = "gnu++0x";
				CLANG_CXX_LIBRARY = "libc++";
				CLANG_ENABLE_MODULES = YES;
				CLANG_ENABLE_OBJC_ARC = YES;
				CLANG_WARN_BOOL_CONVERSION = YES;
				CLANG_WARN_CONSTANT_CONVERSION = YES;
				CLANG_WARN_DIRECT_OBJC_ISA_USAGE = YES_ERROR;
				CLANG_WARN_EMPTY_BODY = YES;
				CLANG_WARN_ENUM_CONVERSION = YES;
				CLANG_WARN_INT_CONVERSION = YES;
				CLANG_WARN_OBJC_ROOT_CLASS = YES_ERROR;
				CLANG_WARN_UNREACHABLE_CODE = YES;
				CLANG_WARN__DUPLICATE_METHOD_MATCH = YES;
				"CODE_SIGN_IDENTITY[sdk=iphoneos*]" = "iPhone Developer";
				COPY_PHASE_STRIP = NO;
				DEBUG_INFORMATION_FORMAT = "dwarf-with-dsym";
				ENABLE_NS_ASSERTIONS = NO;
				ENABLE_STRICT_OBJC_MSGSEND = YES;
				GCC_C_LANGUAGE_STANDARD = gnu99;
				GCC_NO_COMMON_BLOCKS = YES;
				GCC_WARN_64_TO_32_BIT_CONVERSION = YES;
				GCC_WARN_ABOUT_RETURN_TYPE = YES_ERROR;
				GCC_WARN_UNDECLARED_SELECTOR = YES;
				GCC_WARN_UNINITIALIZED_AUTOS = YES_AGGRESSIVE;
				GCC_WARN_UNUSED_FUNCTION = YES;
				GCC_WARN_UNUSED_VARIABLE = YES;
				IPHONEOS_DEPLOYMENT_TARGET = 9.0;
				MTL_ENABLE_DEBUG_INFO = NO;
				SDKROOT = iphoneos;
				TARGETED_DEVICE_FAMILY = "1,2";
				VALIDATE_PRODUCT = YES;
			};
			name = Release;
		};
		0ECFF75F1C5D5FED009234AC /* Debug */ = {
			isa = XCBuildConfiguration;
			buildSettings = {
				ASSETCATALOG_COMPILER_APPICON_NAME = AppIcon;
				INFOPLIST_FILE = Musica/Info.plist;
				LD_RUNPATH_SEARCH_PATHS = "$(inherited) @executable_path/Frameworks";
				PRODUCT_BUNDLE_IDENTIFIER = com.vivelab.Musica;
				PRODUCT_NAME = "$(TARGET_NAME)";
			};
			name = Debug;
		};
		0ECFF7601C5D5FED009234AC /* Release */ = {
			isa = XCBuildConfiguration;
			buildSettings = {
				ASSETCATALOG_COMPILER_APPICON_NAME = AppIcon;
				INFOPLIST_FILE = Musica/Info.plist;
				LD_RUNPATH_SEARCH_PATHS = "$(inherited) @executable_path/Frameworks";
				PRODUCT_BUNDLE_IDENTIFIER = com.vivelab.Musica;
				PRODUCT_NAME = "$(TARGET_NAME)";
			};
			name = Release;
		};
		0ECFF7621C5D5FED009234AC /* Debug */ = {
			isa = XCBuildConfiguration;
			buildSettings = {
				BUNDLE_LOADER = "$(TEST_HOST)";
				INFOPLIST_FILE = MusicaTests/Info.plist;
				LD_RUNPATH_SEARCH_PATHS = "$(inherited) @executable_path/Frameworks @loader_path/Frameworks";
				PRODUCT_BUNDLE_IDENTIFIER = com.vivelab.MusicaTests;
				PRODUCT_NAME = "$(TARGET_NAME)";
				TEST_HOST = "$(BUILT_PRODUCTS_DIR)/Musica.app/Musica";
			};
			name = Debug;
		};
		0ECFF7631C5D5FED009234AC /* Release */ = {
			isa = XCBuildConfiguration;
			buildSettings = {
				BUNDLE_LOADER = "$(TEST_HOST)";
				INFOPLIST_FILE = MusicaTests/Info.plist;
				LD_RUNPATH_SEARCH_PATHS = "$(inherited) @executable_path/Frameworks @loader_path/Frameworks";
				PRODUCT_BUNDLE_IDENTIFIER = com.vivelab.MusicaTests;
				PRODUCT_NAME = "$(TARGET_NAME)";
				TEST_HOST = "$(BUILT_PRODUCTS_DIR)/Musica.app/Musica";
			};
			name = Release;
		};
		0ECFF7651C5D5FED009234AC /* Debug */ = {
			isa = XCBuildConfiguration;
			buildSettings = {
				INFOPLIST_FILE = MusicaUITests/Info.plist;
				LD_RUNPATH_SEARCH_PATHS = "$(inherited) @executable_path/Frameworks @loader_path/Frameworks";
				PRODUCT_BUNDLE_IDENTIFIER = com.vivelab.MusicaUITests;
				PRODUCT_NAME = "$(TARGET_NAME)";
				TEST_TARGET_NAME = Musica;
				USES_XCTRUNNER = YES;
			};
			name = Debug;
		};
		0ECFF7661C5D5FED009234AC /* Release */ = {
			isa = XCBuildConfiguration;
			buildSettings = {
				INFOPLIST_FILE = MusicaUITests/Info.plist;
				LD_RUNPATH_SEARCH_PATHS = "$(inherited) @executable_path/Frameworks @loader_path/Frameworks";
				PRODUCT_BUNDLE_IDENTIFIER = com.vivelab.MusicaUITests;
				PRODUCT_NAME = "$(TARGET_NAME)";
				TEST_TARGET_NAME = Musica;
				USES_XCTRUNNER = YES;
			};
			name = Release;
		};
/* End XCBuildConfiguration section */

/* Begin XCConfigurationList section */
		0ECFF7311C5D5FED009234AC /* Build configuration list for PBXProject "Musica" */ = {
			isa = XCConfigurationList;
			buildConfigurations = (
				0ECFF75C1C5D5FED009234AC /* Debug */,
				0ECFF75D1C5D5FED009234AC /* Release */,
			);
			defaultConfigurationIsVisible = 0;
			defaultConfigurationName = Release;
		};
		0ECFF75E1C5D5FED009234AC /* Build configuration list for PBXNativeTarget "Musica" */ = {
			isa = XCConfigurationList;
			buildConfigurations = (
				0ECFF75F1C5D5FED009234AC /* Debug */,
				0ECFF7601C5D5FED009234AC /* Release */,
			);
			defaultConfigurationIsVisible = 0;
		};
		0ECFF7611C5D5FED009234AC /* Build configuration list for PBXNativeTarget "MusicaTests" */ = {
			isa = XCConfigurationList;
			buildConfigurations = (
				0ECFF7621C5D5FED009234AC /* Debug */,
				0ECFF7631C5D5FED009234AC /* Release */,
			);
			defaultConfigurationIsVisible = 0;
		};
		0ECFF7641C5D5FED009234AC /* Build configuration list for PBXNativeTarget "MusicaUITests" */ = {
			isa = XCConfigurationList;
			buildConfigurations = (
				0ECFF7651C5D5FED009234AC /* Debug */,
				0ECFF7661C5D5FED009234AC /* Release */,
			);
			defaultConfigurationIsVisible = 0;
		};
/* End XCConfigurationList section */
	};
	rootObject = 0ECFF72E1C5D5FED009234AC /* Project object */;
}
